# Code generated by scarb DO NOT EDIT.
version = 1

[[package]]
name = "alexandria_ascii"
version = "0.1.0"
source = "git+https://github.com/keep-starknet-strange/alexandria.git?rev=e1b0805#e1b080577aaa6889116fc8be5dde72b2fd21e397"
dependencies = [
 "alexandria_data_structures",
]

[[package]]
name = "alexandria_bytes"
version = "0.1.0"
source = "git+https://github.com/keep-starknet-strange/alexandria.git?rev=e1b0805#e1b080577aaa6889116fc8be5dde72b2fd21e397"
dependencies = [
 "alexandria_data_structures",
 "alexandria_math",
]

[[package]]
name = "alexandria_data_structures"
version = "0.2.0"
source = "git+https://github.com/keep-starknet-strange/alexandria.git?rev=e1b0805#e1b080577aaa6889116fc8be5dde72b2fd21e397"
dependencies = [
 "alexandria_encoding",
]

[[package]]
name = "alexandria_encoding"
version = "0.1.0"
source = "git+https://github.com/keep-starknet-strange/alexandria.git?rev=e1b0805#e1b080577aaa6889116fc8be5dde72b2fd21e397"
dependencies = [
 "alexandria_bytes",
 "alexandria_math",
 "alexandria_numeric",
]

[[package]]
name = "alexandria_math"
version = "0.2.0"
source = "git+https://github.com/keep-starknet-strange/alexandria.git?rev=e1b0805#e1b080577aaa6889116fc8be5dde72b2fd21e397"
dependencies = [
 "alexandria_data_structures",
]

[[package]]
name = "alexandria_numeric"
version = "0.1.0"
source = "git+https://github.com/keep-starknet-strange/alexandria.git?rev=e1b0805#e1b080577aaa6889116fc8be5dde72b2fd21e397"
dependencies = [
 "alexandria_math",
 "alexandria_searching",
]

[[package]]
name = "alexandria_searching"
version = "0.1.0"
source = "git+https://github.com/keep-starknet-strange/alexandria.git?rev=e1b0805#e1b080577aaa6889116fc8be5dde72b2fd21e397"
dependencies = [
 "alexandria_data_structures",
]

[[package]]
name = "dojo"
version = "1.0.2"
source = "git+https://github.com/dojoengine/dojo.git?tag=v1.0.2#8eb8c480676ea8b0fc5d6e59585cdbab1ff8200d"
dependencies = [
 "dojo_plugin",
]

[[package]]
name = "dojo_cairo_test"
version = "1.0.0-rc.0"
source = "git+https://github.com/dojoengine/dojo.git?tag=v1.0.2#8eb8c480676ea8b0fc5d6e59585cdbab1ff8200d"
dependencies = [
 "dojo",
]

[[package]]
name = "dojo_plugin"
version = "2.8.4"
source = "git+https://github.com/dojoengine/dojo.git?tag=v1.0.2#8eb8c480676ea8b0fc5d6e59585cdbab1ff8200d"

[[package]]
name = "genshin_tcg_v1"
version = "1.0.0"
dependencies = [
 "alexandria_ascii",
 "dojo",
 "dojo_cairo_test",
]
